
Microsoft Visual Studio Solution File, Format Version 12.00
Project("{2150E333-8FDC-42A3-9474-1A3956D46DE8}") = "src", "src", "{EAED17AF-CA18-499C-892F-25DF50F94705}"
EndProject
Project("{FAE04EC0-301F-11D3-BF4B-00C04F79EFBC}") = "Sellow.Bootstrapper", "src\Sellow.Bootstrapper\Sellow.Bootstrapper.csproj", "{9CBD82C6-8457-43B8-9154-68E428FB5FF8}"
EndProject
Project("{2150E333-8FDC-42A3-9474-1A3956D46DE8}") = "Shared", "Shared", "{CC55E25D-9DC2-49D8-A09E-F4691FD199CE}"
EndProject
Project("{FAE04EC0-301F-11D3-BF4B-00C04F79EFBC}") = "Sellow.Shared.Abstractions", "src\Shared\Sellow.Shared.Abstractions\Sellow.Shared.Abstractions.csproj", "{0B341ABF-CB03-4BB2-850A-EC4A3C135AFA}"
EndProject
Project("{FAE04EC0-301F-11D3-BF4B-00C04F79EFBC}") = "Sellow.Shared.Abstractions.Tests.Unit", "src\Shared\Sellow.Shared.Abstractions.Tests.Unit\Sellow.Shared.Abstractions.Tests.Unit.csproj", "{E0E6A34F-46BC-48FD-AB24-E94D514C96A4}"
EndProject
Project("{FAE04EC0-301F-11D3-BF4B-00C04F79EFBC}") = "Sellow.Shared.Infrastructure", "src\Shared\Sellow.Shared.Infrastructure\Sellow.Shared.Infrastructure.csproj", "{5EDC3661-D92B-4A83-BFB4-FB40BC9B53EF}"
EndProject
Project("{2150E333-8FDC-42A3-9474-1A3956D46DE8}") = "Modules", "Modules", "{E6CC8E54-F485-4506-91B1-400CB418F4DA}"
EndProject
Project("{2150E333-8FDC-42A3-9474-1A3956D46DE8}") = "Auth", "Auth", "{58CF6482-815D-4213-9219-A222309EB0E4}"
EndProject
Project("{FAE04EC0-301F-11D3-BF4B-00C04F79EFBC}") = "Sellow.Modules.Auth.Core", "src\Modules\Auth\Sellow.Modules.Auth.Core\Sellow.Modules.Auth.Core.csproj", "{F709E61C-9F88-44AE-B98C-0960B58C4519}"
EndProject
Project("{FAE04EC0-301F-11D3-BF4B-00C04F79EFBC}") = "Sellow.Modules.Auth.Api", "src\Modules\Auth\Sellow.Modules.Auth.Api\Sellow.Modules.Auth.Api.csproj", "{C45DD893-FB84-4E61-BEC5-DB74AA129F56}"
EndProject
Project("{FAE04EC0-301F-11D3-BF4B-00C04F79EFBC}") = "Sellow.Modules.Auth.Core.Tests.Integration", "src\Modules\Auth\Sellow.Modules.Auth.Core.Tests.Integration\Sellow.Modules.Auth.Core.Tests.Integration.csproj", "{938A8A1C-6ECE-48E7-AF5B-49B9DEC80064}"
EndProject
Project("{FAE04EC0-301F-11D3-BF4B-00C04F79EFBC}") = "Sellow.Modules.Auth.Contracts", "src\Modules\Auth\Sellow.Modules.Auth.Contracts\Sellow.Modules.Auth.Contracts.csproj", "{AC416D2D-2B1D-41CB-B4F6-07CDA97EE2FA}"
EndProject
Global
	GlobalSection(SolutionConfigurationPlatforms) = preSolution
		Debug|Any CPU = Debug|Any CPU
		Release|Any CPU = Release|Any CPU
	EndGlobalSection
	GlobalSection(NestedProjects) = preSolution
		{9CBD82C6-8457-43B8-9154-68E428FB5FF8} = {EAED17AF-CA18-499C-892F-25DF50F94705}
		{CC55E25D-9DC2-49D8-A09E-F4691FD199CE} = {EAED17AF-CA18-499C-892F-25DF50F94705}
		{0B341ABF-CB03-4BB2-850A-EC4A3C135AFA} = {CC55E25D-9DC2-49D8-A09E-F4691FD199CE}
		{E0E6A34F-46BC-48FD-AB24-E94D514C96A4} = {CC55E25D-9DC2-49D8-A09E-F4691FD199CE}
		{5EDC3661-D92B-4A83-BFB4-FB40BC9B53EF} = {CC55E25D-9DC2-49D8-A09E-F4691FD199CE}
		{E6CC8E54-F485-4506-91B1-400CB418F4DA} = {EAED17AF-CA18-499C-892F-25DF50F94705}
		{58CF6482-815D-4213-9219-A222309EB0E4} = {E6CC8E54-F485-4506-91B1-400CB418F4DA}
		{F709E61C-9F88-44AE-B98C-0960B58C4519} = {58CF6482-815D-4213-9219-A222309EB0E4}
		{C45DD893-FB84-4E61-BEC5-DB74AA129F56} = {58CF6482-815D-4213-9219-A222309EB0E4}
		{938A8A1C-6ECE-48E7-AF5B-49B9DEC80064} = {58CF6482-815D-4213-9219-A222309EB0E4}
		{AC416D2D-2B1D-41CB-B4F6-07CDA97EE2FA} = {58CF6482-815D-4213-9219-A222309EB0E4}
	EndGlobalSection
	GlobalSection(ProjectConfigurationPlatforms) = postSolution
		{9CBD82C6-8457-43B8-9154-68E428FB5FF8}.Debug|Any CPU.ActiveCfg = Debug|Any CPU
		{9CBD82C6-8457-43B8-9154-68E428FB5FF8}.Debug|Any CPU.Build.0 = Debug|Any CPU
		{9CBD82C6-8457-43B8-9154-68E428FB5FF8}.Release|Any CPU.ActiveCfg = Release|Any CPU
		{9CBD82C6-8457-43B8-9154-68E428FB5FF8}.Release|Any CPU.Build.0 = Release|Any CPU
		{0B341ABF-CB03-4BB2-850A-EC4A3C135AFA}.Debug|Any CPU.ActiveCfg = Debug|Any CPU
		{0B341ABF-CB03-4BB2-850A-EC4A3C135AFA}.Debug|Any CPU.Build.0 = Debug|Any CPU
		{0B341ABF-CB03-4BB2-850A-EC4A3C135AFA}.Release|Any CPU.ActiveCfg = Release|Any CPU
		{0B341ABF-CB03-4BB2-850A-EC4A3C135AFA}.Release|Any CPU.Build.0 = Release|Any CPU
		{E0E6A34F-46BC-48FD-AB24-E94D514C96A4}.Debug|Any CPU.ActiveCfg = Debug|Any CPU
		{E0E6A34F-46BC-48FD-AB24-E94D514C96A4}.Debug|Any CPU.Build.0 = Debug|Any CPU
		{E0E6A34F-46BC-48FD-AB24-E94D514C96A4}.Release|Any CPU.ActiveCfg = Release|Any CPU
		{E0E6A34F-46BC-48FD-AB24-E94D514C96A4}.Release|Any CPU.Build.0 = Release|Any CPU
		{5EDC3661-D92B-4A83-BFB4-FB40BC9B53EF}.Debug|Any CPU.ActiveCfg = Debug|Any CPU
		{5EDC3661-D92B-4A83-BFB4-FB40BC9B53EF}.Debug|Any CPU.Build.0 = Debug|Any CPU
		{5EDC3661-D92B-4A83-BFB4-FB40BC9B53EF}.Release|Any CPU.ActiveCfg = Release|Any CPU
		{5EDC3661-D92B-4A83-BFB4-FB40BC9B53EF}.Release|Any CPU.Build.0 = Release|Any CPU
		{F709E61C-9F88-44AE-B98C-0960B58C4519}.Debug|Any CPU.ActiveCfg = Debug|Any CPU
		{F709E61C-9F88-44AE-B98C-0960B58C4519}.Debug|Any CPU.Build.0 = Debug|Any CPU
		{F709E61C-9F88-44AE-B98C-0960B58C4519}.Release|Any CPU.ActiveCfg = Release|Any CPU
		{F709E61C-9F88-44AE-B98C-0960B58C4519}.Release|Any CPU.Build.0 = Release|Any CPU
		{C45DD893-FB84-4E61-BEC5-DB74AA129F56}.Debug|Any CPU.ActiveCfg = Debug|Any CPU
		{C45DD893-FB84-4E61-BEC5-DB74AA129F56}.Debug|Any CPU.Build.0 = Debug|Any CPU
		{C45DD893-FB84-4E61-BEC5-DB74AA129F56}.Release|Any CPU.ActiveCfg = Release|Any CPU
		{C45DD893-FB84-4E61-BEC5-DB74AA129F56}.Release|Any CPU.Build.0 = Release|Any CPU
		{938A8A1C-6ECE-48E7-AF5B-49B9DEC80064}.Debug|Any CPU.ActiveCfg = Debug|Any CPU
		{938A8A1C-6ECE-48E7-AF5B-49B9DEC80064}.Debug|Any CPU.Build.0 = Debug|Any CPU
		{938A8A1C-6ECE-48E7-AF5B-49B9DEC80064}.Release|Any CPU.ActiveCfg = Release|Any CPU
		{938A8A1C-6ECE-48E7-AF5B-49B9DEC80064}.Release|Any CPU.Build.0 = Release|Any CPU
		{AC416D2D-2B1D-41CB-B4F6-07CDA97EE2FA}.Debug|Any CPU.ActiveCfg = Debug|Any CPU
		{AC416D2D-2B1D-41CB-B4F6-07CDA97EE2FA}.Debug|Any CPU.Build.0 = Debug|Any CPU
		{AC416D2D-2B1D-41CB-B4F6-07CDA97EE2FA}.Release|Any CPU.ActiveCfg = Release|Any CPU
		{AC416D2D-2B1D-41CB-B4F6-07CDA97EE2FA}.Release|Any CPU.Build.0 = Release|Any CPU
	EndGlobalSection
EndGlobal
